{
  "requires": true,
  "lockfileVersion": 1,
  "dependencies": {
    "@hw-ads/ohos-oaid": {
      "version": "1.0.0",
      "resolved": "https://registry.npmjs.org/@hw-ads/ohos-oaid/-/ohos-oaid-1.0.0.tgz",
      "integrity": "sha512-fI1sRAvEhFrvOeBnkZdaKDHzImVMzNt7s7kC/5qyCi2nKIJ6ontumsxrhAvdK4SBlj9k6rE2gFTnjV7k3W0aIA=="
    }
  }
}
